
Microsoft Visual Studio Solution File, Format Version 12.00
# Visual Studio 15
VisualStudioVersion = 15.0.27703.2042
MinimumVisualStudioVersion = 10.0.40219.1
Project("{FAE04EC0-301F-11D3-BF4B-00C04F79EFBC}") = "WebApplicationNetRedisDemo", "WebApplicationNetRedisDemo\WebApplicationNetRedisDemo.csproj", "{0DDC0473-7207-4699-9229-A2DF94CC5400}"
EndProject
Project("{FAE04EC0-301F-11D3-BF4B-00C04F79EFBC}") = "WebApplicationNetRedisDemo.Tests", "WebApplicationNetRedisDemo.Tests\WebApplicationNetRedisDemo.Tests.csproj", "{BBAA49BA-C9CF-4BC1-80D3-7C5F058CC54D}"
EndProject
Global
	GlobalSection(SolutionConfigurationPlatforms) = preSolution
		Debug|Any CPU = Debug|Any CPU
		Release|Any CPU = Release|Any CPU
	EndGlobalSection
	GlobalSection(ProjectConfigurationPlatforms) = postSolution
		{0DDC0473-7207-4699-9229-A2DF94CC5400}.Debug|Any CPU.ActiveCfg = Debug|Any CPU
		{0DDC0473-7207-4699-9229-A2DF94CC5400}.Debug|Any CPU.Build.0 = Debug|Any CPU
		{0DDC0473-7207-4699-9229-A2DF94CC5400}.Release|Any CPU.ActiveCfg = Release|Any CPU
		{0DDC0473-7207-4699-9229-A2DF94CC5400}.Release|Any CPU.Build.0 = Release|Any CPU
		{BBAA49BA-C9CF-4BC1-80D3-7C5F058CC54D}.Debug|Any CPU.ActiveCfg = Debug|Any CPU
		{BBAA49BA-C9CF-4BC1-80D3-7C5F058CC54D}.Debug|Any CPU.Build.0 = Debug|Any CPU
		{BBAA49BA-C9CF-4BC1-80D3-7C5F058CC54D}.Release|Any CPU.ActiveCfg = Release|Any CPU
		{BBAA49BA-C9CF-4BC1-80D3-7C5F058CC54D}.Release|Any CPU.Build.0 = Release|Any CPU
	EndGlobalSection
	GlobalSection(SolutionProperties) = preSolution
		HideSolutionNode = FALSE
	EndGlobalSection
	GlobalSection(ExtensibilityGlobals) = postSolution
		SolutionGuid = {B31F55E2-6B1A-417F-AC58-1B0BCBC128AB}
	EndGlobalSection
EndGlobal
